{
  "version": 4,
  "terraform_version": "1.9.6",
  "serial": 1,
  "lineage": "b699001f-3c12-2f05-b1e6-383b1f24c953",
  "outputs": {},
  "resources": [
    {
      "mode": "managed",
      "type": "aws_kms_key",
      "name": "tfstate_bucket",
      "provider": "provider[\"registry.terraform.io/hashicorp/aws\"]",
      "instances": [
        {
          "schema_version": 0,
          "attributes": {
            "arn": "arn:aws:kms:ap-northeast-1:155390607308:key/44ede3f8-0381-463e-a2a8-6cb8fb087f8b",
            "bypass_policy_lockout_safety_check": false,
            "custom_key_store_id": "",
            "customer_master_key_spec": "SYMMETRIC_DEFAULT",
            "deletion_window_in_days": 7,
            "description": "KMS key to encrypt the bucket",
            "enable_key_rotation": false,
            "id": "44ede3f8-0381-463e-a2a8-6cb8fb087f8b",
            "is_enabled": true,
            "key_id": "44ede3f8-0381-463e-a2a8-6cb8fb087f8b",
            "key_usage": "ENCRYPT_DECRYPT",
            "multi_region": false,
            "policy": "{\"Id\":\"key-default-1\",\"Statement\":[{\"Action\":\"kms:*\",\"Effect\":\"Allow\",\"Principal\":{\"AWS\":\"arn:aws:iam::155390607308:root\"},\"Resource\":\"*\",\"Sid\":\"Enable IAM User Permissions\"}],\"Version\":\"2012-10-17\"}",
            "rotation_period_in_days": 0,
            "tags": null,
            "tags_all": {
              "Env": "dev",
              "GitRepository": "https://github.com/kiyo-s/eks-learn.git",
              "ManagedBy": "terraform",
              "Name": "eks-learn-dev-tfstate",
              "State": "tfstate"
            },
            "timeouts": null,
            "xks_key_id": ""
          },
          "sensitive_attributes": [],
          "private": "eyJlMmJmYjczMC1lY2FhLTExZTYtOGY4OC0zNDM2M2JjN2M0YzAiOnsiY3JlYXRlIjoxMjAwMDAwMDAwMDB9fQ=="
        }
      ]
    }
  ],
  "check_results": null
}
